
Microsoft Visual Studio Solution File, Format Version 12.00
# Visual Studio 14
VisualStudioVersion = 14.0.23107.0
MinimumVisualStudioVersion = 10.0.40219.1
Project("{8BC9CEB8-8B4A-11D0-8D11-00A0C91BC942}") = "线性表的顺序储存结构与操作", "线性表的链式储存结构与操作\线性表的链式储存结构与操作.vcxproj", "{28880F49-B0C6-448A-8B9D-D3ECB44138C1}"
EndProject
Project("{8BC9CEB8-8B4A-11D0-8D11-00A0C91BC942}") = "第一题提交", "第一题提交\第一题提交.vcxproj", "{E7D2970A-66C6-45A5-B0BA-D3F000521C37}"
EndProject
Project("{8BC9CEB8-8B4A-11D0-8D11-00A0C91BC942}") = "线性表链式储存结构与操作", "线性表链式储存结构与操作\线性表链式储存结构与操作.vcxproj", "{A5FB49BC-18D7-47AC-83DB-BE091CB27C11}"
EndProject
Project("{8BC9CEB8-8B4A-11D0-8D11-00A0C91BC942}") = "第二题提交", "第二题提交\第二题提交.vcxproj", "{A531E0EF-3AB5-48D3-A39A-95850CDA22F7}"
EndProject
Global
	GlobalSection(SolutionConfigurationPlatforms) = preSolution
		Debug|x64 = Debug|x64
		Debug|x86 = Debug|x86
		Release|x64 = Release|x64
		Release|x86 = Release|x86
	EndGlobalSection
	GlobalSection(ProjectConfigurationPlatforms) = postSolution
		{28880F49-B0C6-448A-8B9D-D3ECB44138C1}.Debug|x64.ActiveCfg = Debug|x64
		{28880F49-B0C6-448A-8B9D-D3ECB44138C1}.Debug|x64.Build.0 = Debug|x64
		{28880F49-B0C6-448A-8B9D-D3ECB44138C1}.Debug|x86.ActiveCfg = Debug|Win32
		{28880F49-B0C6-448A-8B9D-D3ECB44138C1}.Debug|x86.Build.0 = Debug|Win32
		{28880F49-B0C6-448A-8B9D-D3ECB44138C1}.Release|x64.ActiveCfg = Release|x64
		{28880F49-B0C6-448A-8B9D-D3ECB44138C1}.Release|x64.Build.0 = Release|x64
		{28880F49-B0C6-448A-8B9D-D3ECB44138C1}.Release|x86.ActiveCfg = Release|Win32
		{28880F49-B0C6-448A-8B9D-D3ECB44138C1}.Release|x86.Build.0 = Release|Win32
		{E7D2970A-66C6-45A5-B0BA-D3F000521C37}.Debug|x64.ActiveCfg = Debug|x64
		{E7D2970A-66C6-45A5-B0BA-D3F000521C37}.Debug|x64.Build.0 = Debug|x64
		{E7D2970A-66C6-45A5-B0BA-D3F000521C37}.Debug|x86.ActiveCfg = Debug|Win32
		{E7D2970A-66C6-45A5-B0BA-D3F000521C37}.Debug|x86.Build.0 = Debug|Win32
		{E7D2970A-66C6-45A5-B0BA-D3F000521C37}.Release|x64.ActiveCfg = Release|x64
		{E7D2970A-66C6-45A5-B0BA-D3F000521C37}.Release|x64.Build.0 = Release|x64
		{E7D2970A-66C6-45A5-B0BA-D3F000521C37}.Release|x86.ActiveCfg = Release|Win32
		{E7D2970A-66C6-45A5-B0BA-D3F000521C37}.Release|x86.Build.0 = Release|Win32
		{A5FB49BC-18D7-47AC-83DB-BE091CB27C11}.Debug|x64.ActiveCfg = Debug|x64
		{A5FB49BC-18D7-47AC-83DB-BE091CB27C11}.Debug|x64.Build.0 = Debug|x64
		{A5FB49BC-18D7-47AC-83DB-BE091CB27C11}.Debug|x86.ActiveCfg = Debug|Win32
		{A5FB49BC-18D7-47AC-83DB-BE091CB27C11}.Debug|x86.Build.0 = Debug|Win32
		{A5FB49BC-18D7-47AC-83DB-BE091CB27C11}.Release|x64.ActiveCfg = Release|x64
		{A5FB49BC-18D7-47AC-83DB-BE091CB27C11}.Release|x64.Build.0 = Release|x64
		{A5FB49BC-18D7-47AC-83DB-BE091CB27C11}.Release|x86.ActiveCfg = Release|Win32
		{A5FB49BC-18D7-47AC-83DB-BE091CB27C11}.Release|x86.Build.0 = Release|Win32
		{A531E0EF-3AB5-48D3-A39A-95850CDA22F7}.Debug|x64.ActiveCfg = Debug|x64
		{A531E0EF-3AB5-48D3-A39A-95850CDA22F7}.Debug|x64.Build.0 = Debug|x64
		{A531E0EF-3AB5-48D3-A39A-95850CDA22F7}.Debug|x86.ActiveCfg = Debug|Win32
		{A531E0EF-3AB5-48D3-A39A-95850CDA22F7}.Debug|x86.Build.0 = Debug|Win32
		{A531E0EF-3AB5-48D3-A39A-95850CDA22F7}.Release|x64.ActiveCfg = Release|x64
		{A531E0EF-3AB5-48D3-A39A-95850CDA22F7}.Release|x64.Build.0 = Release|x64
		{A531E0EF-3AB5-48D3-A39A-95850CDA22F7}.Release|x86.ActiveCfg = Release|Win32
		{A531E0EF-3AB5-48D3-A39A-95850CDA22F7}.Release|x86.Build.0 = Release|Win32
	EndGlobalSection
	GlobalSection(SolutionProperties) = preSolution
		HideSolutionNode = FALSE
	EndGlobalSection
EndGlobal
