
Microsoft Visual Studio Solution File, Format Version 12.00
# Visual Studio 14
VisualStudioVersion = 14.0.25420.1
MinimumVisualStudioVersion = 10.0.40219.1
Project("{8BC9CEB8-8B4A-11D0-8D11-00A0C91BC942}") = "二叉树基本操作", "二叉树基本操作\二叉树基本操作.vcxproj", "{3569A1ED-4D4E-48EB-955D-14477B577152}"
EndProject
Project("{8BC9CEB8-8B4A-11D0-8D11-00A0C91BC942}") = "二叉树基本操作提交", "二叉树基本操作提交\二叉树基本操作提交.vcxproj", "{BE0FA2E4-D61C-48CF-9882-B72D0BAB298C}"
EndProject
Project("{8BC9CEB8-8B4A-11D0-8D11-00A0C91BC942}") = "叶子节点", "叶子节点\叶子节点.vcxproj", "{54B66B48-2CAC-4407-95CC-879A410EB9A0}"
EndProject
Project("{8BC9CEB8-8B4A-11D0-8D11-00A0C91BC942}") = "叶子节点提交", "叶子节点提交\叶子节点提交.vcxproj", "{E71EC4AD-4ECC-4C51-99F0-C4D767F6827E}"
EndProject
Project("{8BC9CEB8-8B4A-11D0-8D11-00A0C91BC942}") = "检测树的深度", "检测树的深度\检测树的深度.vcxproj", "{F2CE1F36-5A8C-4FFA-8B4F-8E88D4F5C7A6}"
EndProject
Project("{8BC9CEB8-8B4A-11D0-8D11-00A0C91BC942}") = "深度提交", "深度提交\深度提交.vcxproj", "{47A5A3FA-F43B-4F95-895C-758DF77E5A49}"
EndProject
Project("{8BC9CEB8-8B4A-11D0-8D11-00A0C91BC942}") = "节点个数", "节点个数\节点个数.vcxproj", "{E8F893E5-F29D-4B66-8DAE-BCD07215EDB5}"
EndProject
Global
	GlobalSection(SolutionConfigurationPlatforms) = preSolution
		Debug|x64 = Debug|x64
		Debug|x86 = Debug|x86
		Release|x64 = Release|x64
		Release|x86 = Release|x86
	EndGlobalSection
	GlobalSection(ProjectConfigurationPlatforms) = postSolution
		{3569A1ED-4D4E-48EB-955D-14477B577152}.Debug|x64.ActiveCfg = Debug|x64
		{3569A1ED-4D4E-48EB-955D-14477B577152}.Debug|x64.Build.0 = Debug|x64
		{3569A1ED-4D4E-48EB-955D-14477B577152}.Debug|x86.ActiveCfg = Debug|Win32
		{3569A1ED-4D4E-48EB-955D-14477B577152}.Debug|x86.Build.0 = Debug|Win32
		{3569A1ED-4D4E-48EB-955D-14477B577152}.Release|x64.ActiveCfg = Release|x64
		{3569A1ED-4D4E-48EB-955D-14477B577152}.Release|x64.Build.0 = Release|x64
		{3569A1ED-4D4E-48EB-955D-14477B577152}.Release|x86.ActiveCfg = Release|Win32
		{3569A1ED-4D4E-48EB-955D-14477B577152}.Release|x86.Build.0 = Release|Win32
		{BE0FA2E4-D61C-48CF-9882-B72D0BAB298C}.Debug|x64.ActiveCfg = Debug|x64
		{BE0FA2E4-D61C-48CF-9882-B72D0BAB298C}.Debug|x64.Build.0 = Debug|x64
		{BE0FA2E4-D61C-48CF-9882-B72D0BAB298C}.Debug|x86.ActiveCfg = Debug|Win32
		{BE0FA2E4-D61C-48CF-9882-B72D0BAB298C}.Debug|x86.Build.0 = Debug|Win32
		{BE0FA2E4-D61C-48CF-9882-B72D0BAB298C}.Release|x64.ActiveCfg = Release|x64
		{BE0FA2E4-D61C-48CF-9882-B72D0BAB298C}.Release|x64.Build.0 = Release|x64
		{BE0FA2E4-D61C-48CF-9882-B72D0BAB298C}.Release|x86.ActiveCfg = Release|Win32
		{BE0FA2E4-D61C-48CF-9882-B72D0BAB298C}.Release|x86.Build.0 = Release|Win32
		{54B66B48-2CAC-4407-95CC-879A410EB9A0}.Debug|x64.ActiveCfg = Debug|x64
		{54B66B48-2CAC-4407-95CC-879A410EB9A0}.Debug|x64.Build.0 = Debug|x64
		{54B66B48-2CAC-4407-95CC-879A410EB9A0}.Debug|x86.ActiveCfg = Debug|Win32
		{54B66B48-2CAC-4407-95CC-879A410EB9A0}.Debug|x86.Build.0 = Debug|Win32
		{54B66B48-2CAC-4407-95CC-879A410EB9A0}.Release|x64.ActiveCfg = Release|x64
		{54B66B48-2CAC-4407-95CC-879A410EB9A0}.Release|x64.Build.0 = Release|x64
		{54B66B48-2CAC-4407-95CC-879A410EB9A0}.Release|x86.ActiveCfg = Release|Win32
		{54B66B48-2CAC-4407-95CC-879A410EB9A0}.Release|x86.Build.0 = Release|Win32
		{E71EC4AD-4ECC-4C51-99F0-C4D767F6827E}.Debug|x64.ActiveCfg = Debug|x64
		{E71EC4AD-4ECC-4C51-99F0-C4D767F6827E}.Debug|x64.Build.0 = Debug|x64
		{E71EC4AD-4ECC-4C51-99F0-C4D767F6827E}.Debug|x86.ActiveCfg = Debug|Win32
		{E71EC4AD-4ECC-4C51-99F0-C4D767F6827E}.Debug|x86.Build.0 = Debug|Win32
		{E71EC4AD-4ECC-4C51-99F0-C4D767F6827E}.Release|x64.ActiveCfg = Release|x64
		{E71EC4AD-4ECC-4C51-99F0-C4D767F6827E}.Release|x64.Build.0 = Release|x64
		{E71EC4AD-4ECC-4C51-99F0-C4D767F6827E}.Release|x86.ActiveCfg = Release|Win32
		{E71EC4AD-4ECC-4C51-99F0-C4D767F6827E}.Release|x86.Build.0 = Release|Win32
		{F2CE1F36-5A8C-4FFA-8B4F-8E88D4F5C7A6}.Debug|x64.ActiveCfg = Debug|x64
		{F2CE1F36-5A8C-4FFA-8B4F-8E88D4F5C7A6}.Debug|x64.Build.0 = Debug|x64
		{F2CE1F36-5A8C-4FFA-8B4F-8E88D4F5C7A6}.Debug|x86.ActiveCfg = Debug|Win32
		{F2CE1F36-5A8C-4FFA-8B4F-8E88D4F5C7A6}.Debug|x86.Build.0 = Debug|Win32
		{F2CE1F36-5A8C-4FFA-8B4F-8E88D4F5C7A6}.Release|x64.ActiveCfg = Release|x64
		{F2CE1F36-5A8C-4FFA-8B4F-8E88D4F5C7A6}.Release|x64.Build.0 = Release|x64
		{F2CE1F36-5A8C-4FFA-8B4F-8E88D4F5C7A6}.Release|x86.ActiveCfg = Release|Win32
		{F2CE1F36-5A8C-4FFA-8B4F-8E88D4F5C7A6}.Release|x86.Build.0 = Release|Win32
		{47A5A3FA-F43B-4F95-895C-758DF77E5A49}.Debug|x64.ActiveCfg = Debug|x64
		{47A5A3FA-F43B-4F95-895C-758DF77E5A49}.Debug|x64.Build.0 = Debug|x64
		{47A5A3FA-F43B-4F95-895C-758DF77E5A49}.Debug|x86.ActiveCfg = Debug|Win32
		{47A5A3FA-F43B-4F95-895C-758DF77E5A49}.Debug|x86.Build.0 = Debug|Win32
		{47A5A3FA-F43B-4F95-895C-758DF77E5A49}.Release|x64.ActiveCfg = Release|x64
		{47A5A3FA-F43B-4F95-895C-758DF77E5A49}.Release|x64.Build.0 = Release|x64
		{47A5A3FA-F43B-4F95-895C-758DF77E5A49}.Release|x86.ActiveCfg = Release|Win32
		{47A5A3FA-F43B-4F95-895C-758DF77E5A49}.Release|x86.Build.0 = Release|Win32
		{E8F893E5-F29D-4B66-8DAE-BCD07215EDB5}.Debug|x64.ActiveCfg = Debug|x64
		{E8F893E5-F29D-4B66-8DAE-BCD07215EDB5}.Debug|x64.Build.0 = Debug|x64
		{E8F893E5-F29D-4B66-8DAE-BCD07215EDB5}.Debug|x86.ActiveCfg = Debug|Win32
		{E8F893E5-F29D-4B66-8DAE-BCD07215EDB5}.Debug|x86.Build.0 = Debug|Win32
		{E8F893E5-F29D-4B66-8DAE-BCD07215EDB5}.Release|x64.ActiveCfg = Release|x64
		{E8F893E5-F29D-4B66-8DAE-BCD07215EDB5}.Release|x64.Build.0 = Release|x64
		{E8F893E5-F29D-4B66-8DAE-BCD07215EDB5}.Release|x86.ActiveCfg = Release|Win32
		{E8F893E5-F29D-4B66-8DAE-BCD07215EDB5}.Release|x86.Build.0 = Release|Win32
	EndGlobalSection
	GlobalSection(SolutionProperties) = preSolution
		HideSolutionNode = FALSE
	EndGlobalSection
EndGlobal
